# This file is automatically @generated by Cargo.
# It is not intended for manual editing.
version = 4

[[package]]
name = "bidirectional-map"
version = "0.1.4"
source = "registry+https://github.com/rust-lang/crates.io-index"
checksum = "ac66a889db5ab98510dff09cd3a92a23653c7d3371f425788e60f651f9184346"

[[package]]
name = "nisvc-common"
version = "0.1.0"
dependencies = [
 "bidirectional-map",
]
