# This file is automatically @generated by Cargo.
# It is not intended for manual editing.
version = 4

[[package]]
name = "anyhow"
version = "1.0.102"
source = "registry+https://github.com/rust-lang/crates.io-index"
checksum = "7f202df86484c868dbad7eaa557ef785d5c66295e41b460ef922eca0723b842c"

[[package]]
name = "bidirectional-map"
version = "0.1.4"
source = "registry+https://github.com/rust-lang/crates.io-index"
checksum = "ac66a889db5ab98510dff09cd3a92a23653c7d3371f425788e60f651f9184346"

[[package]]
name = "libnisvc"
version = "0.1.0"
dependencies = [
 "anyhow",
 "bidirectional-map",
 "paste",
]

[[package]]
name = "paste"
version = "1.0.15"
source = "registry+https://github.com/rust-lang/crates.io-index"
checksum = "57c0d7b74b563b49d38dae00a0c37d4d6de9b432382b2892f0574ddcae73fd0a"
